
Microsoft Visual Studio Solution File, Format Version 12.00
# Visual Studio Version 17
VisualStudioVersion = 17.3.32819.101
MinimumVisualStudioVersion = 10.0.40219.1
Project("{8BC9CEB8-8B4A-11D0-8D11-00A0C91BC942}") = "prob_003", "prob_003\prob_003.vcxproj", "{31CBDD31-83F9-4009-949C-994C1894AF5E}"
EndProject
Global
	GlobalSection(SolutionConfigurationPlatforms) = preSolution
		Debug|x64 = Debug|x64
		Debug|x86 = Debug|x86
		Release|x64 = Release|x64
		Release|x86 = Release|x86
	EndGlobalSection
	GlobalSection(ProjectConfigurationPlatforms) = postSolution
		{31CBDD31-83F9-4009-949C-994C1894AF5E}.Debug|x64.ActiveCfg = Debug|x64
		{31CBDD31-83F9-4009-949C-994C1894AF5E}.Debug|x64.Build.0 = Debug|x64
		{31CBDD31-83F9-4009-949C-994C1894AF5E}.Debug|x86.ActiveCfg = Debug|Win32
		{31CBDD31-83F9-4009-949C-994C1894AF5E}.Debug|x86.Build.0 = Debug|Win32
		{31CBDD31-83F9-4009-949C-994C1894AF5E}.Release|x64.ActiveCfg = Release|x64
		{31CBDD31-83F9-4009-949C-994C1894AF5E}.Release|x64.Build.0 = Release|x64
		{31CBDD31-83F9-4009-949C-994C1894AF5E}.Release|x86.ActiveCfg = Release|Win32
		{31CBDD31-83F9-4009-949C-994C1894AF5E}.Release|x86.Build.0 = Release|Win32
	EndGlobalSection
	GlobalSection(SolutionProperties) = preSolution
		HideSolutionNode = FALSE
	EndGlobalSection
	GlobalSection(ExtensibilityGlobals) = postSolution
		SolutionGuid = {DA54DD44-C2F3-4757-B87A-9CFD8C71A9F0}
	EndGlobalSection
EndGlobal
