
Microsoft Visual Studio Solution File, Format Version 12.00
# Visual Studio Version 17
VisualStudioVersion = 17.3.32819.101
MinimumVisualStudioVersion = 10.0.40219.1
Project("{8BC9CEB8-8B4A-11D0-8D11-00A0C91BC942}") = "prob_00", "prob_00\prob_00.vcxproj", "{261B6529-6F21-4A34-A5C8-B98AA3E3461F}"
EndProject
Global
	GlobalSection(SolutionConfigurationPlatforms) = preSolution
		Debug|x64 = Debug|x64
		Debug|x86 = Debug|x86
		Release|x64 = Release|x64
		Release|x86 = Release|x86
	EndGlobalSection
	GlobalSection(ProjectConfigurationPlatforms) = postSolution
		{261B6529-6F21-4A34-A5C8-B98AA3E3461F}.Debug|x64.ActiveCfg = Debug|x64
		{261B6529-6F21-4A34-A5C8-B98AA3E3461F}.Debug|x64.Build.0 = Debug|x64
		{261B6529-6F21-4A34-A5C8-B98AA3E3461F}.Debug|x86.ActiveCfg = Debug|Win32
		{261B6529-6F21-4A34-A5C8-B98AA3E3461F}.Debug|x86.Build.0 = Debug|Win32
		{261B6529-6F21-4A34-A5C8-B98AA3E3461F}.Release|x64.ActiveCfg = Release|x64
		{261B6529-6F21-4A34-A5C8-B98AA3E3461F}.Release|x64.Build.0 = Release|x64
		{261B6529-6F21-4A34-A5C8-B98AA3E3461F}.Release|x86.ActiveCfg = Release|Win32
		{261B6529-6F21-4A34-A5C8-B98AA3E3461F}.Release|x86.Build.0 = Release|Win32
	EndGlobalSection
	GlobalSection(SolutionProperties) = preSolution
		HideSolutionNode = FALSE
	EndGlobalSection
	GlobalSection(ExtensibilityGlobals) = postSolution
		SolutionGuid = {48350290-5263-4ECB-AE8E-177E412FCB97}
	EndGlobalSection
EndGlobal
